
Microsoft Visual Studio Solution File, Format Version 12.00
# Visual Studio Version 17
VisualStudioVersion = 17.3.32811.315
MinimumVisualStudioVersion = 10.0.40219.1
Project("{9A19103F-16F7-4668-BE54-9A1E7A4F7556}") = "ScheduleBot", "ScheduleBot\ScheduleBot.csproj", "{3F76AC3A-EC87-40A9-A989-D090940361D0}"
EndProject
Project("{9A19103F-16F7-4668-BE54-9A1E7A4F7556}") = "ScheduleToJSON", "ScheduleToJSON\ScheduleToJSON.csproj", "{D2EFDCAC-BC22-4FA1-8962-8CD0086C518C}"
EndProject
Project("{9A19103F-16F7-4668-BE54-9A1E7A4F7556}") = "ScheduleAPI", "ScheduleAPI\ScheduleAPI.csproj", "{B44425C8-8F35-4297-9279-7F587D690946}"
EndProject
Global
	GlobalSection(SolutionConfigurationPlatforms) = preSolution
		Debug|Any CPU = Debug|Any CPU
		Release|Any CPU = Release|Any CPU
	EndGlobalSection
	GlobalSection(ProjectConfigurationPlatforms) = postSolution
		{3F76AC3A-EC87-40A9-A989-D090940361D0}.Debug|Any CPU.ActiveCfg = Debug|Any CPU
		{3F76AC3A-EC87-40A9-A989-D090940361D0}.Debug|Any CPU.Build.0 = Debug|Any CPU
		{3F76AC3A-EC87-40A9-A989-D090940361D0}.Release|Any CPU.ActiveCfg = Release|Any CPU
		{3F76AC3A-EC87-40A9-A989-D090940361D0}.Release|Any CPU.Build.0 = Release|Any CPU
		{D2EFDCAC-BC22-4FA1-8962-8CD0086C518C}.Debug|Any CPU.ActiveCfg = Debug|Any CPU
		{D2EFDCAC-BC22-4FA1-8962-8CD0086C518C}.Debug|Any CPU.Build.0 = Debug|Any CPU
		{D2EFDCAC-BC22-4FA1-8962-8CD0086C518C}.Release|Any CPU.ActiveCfg = Release|Any CPU
		{D2EFDCAC-BC22-4FA1-8962-8CD0086C518C}.Release|Any CPU.Build.0 = Release|Any CPU
		{B44425C8-8F35-4297-9279-7F587D690946}.Debug|Any CPU.ActiveCfg = Debug|Any CPU
		{B44425C8-8F35-4297-9279-7F587D690946}.Debug|Any CPU.Build.0 = Debug|Any CPU
		{B44425C8-8F35-4297-9279-7F587D690946}.Release|Any CPU.ActiveCfg = Release|Any CPU
		{B44425C8-8F35-4297-9279-7F587D690946}.Release|Any CPU.Build.0 = Release|Any CPU
	EndGlobalSection
	GlobalSection(SolutionProperties) = preSolution
		HideSolutionNode = FALSE
	EndGlobalSection
	GlobalSection(ExtensibilityGlobals) = postSolution
		SolutionGuid = {718975FF-FB67-43F1-9881-04A94B543B28}
	EndGlobalSection
EndGlobal
